
Microsoft Visual Studio Solution File, Format Version 12.00
# Visual Studio Version 16
VisualStudioVersion = 16.0.30413.136
MinimumVisualStudioVersion = 10.0.40219.1
Project("{9A19103F-16F7-4668-BE54-9A1E7A4F7556}") = "S3_MVVM", "S3_MVVM\S3_MVVM.csproj", "{3DABCB64-F926-46BA-BE55-7DD6566AF14F}"
EndProject
Project("{9A19103F-16F7-4668-BE54-9A1E7A4F7556}") = "S3_MVVM_DataAccess", "S3_MVVM_DataAccess\S3_MVVM_DataAccess.csproj", "{FE04B9EE-13A2-49CB-8F04-546FC8C1CADD}"
EndProject
Project("{9A19103F-16F7-4668-BE54-9A1E7A4F7556}") = "S3_MVVM_Entities", "S3_MVVM_Entities\S3_MVVM_Entities.csproj", "{255EA340-9068-426D-A354-16FEDEB87712}"
EndProject
Global
	GlobalSection(SolutionConfigurationPlatforms) = preSolution
		Debug|Any CPU = Debug|Any CPU
		Release|Any CPU = Release|Any CPU
	EndGlobalSection
	GlobalSection(ProjectConfigurationPlatforms) = postSolution
		{3DABCB64-F926-46BA-BE55-7DD6566AF14F}.Debug|Any CPU.ActiveCfg = Debug|Any CPU
		{3DABCB64-F926-46BA-BE55-7DD6566AF14F}.Debug|Any CPU.Build.0 = Debug|Any CPU
		{3DABCB64-F926-46BA-BE55-7DD6566AF14F}.Release|Any CPU.ActiveCfg = Release|Any CPU
		{3DABCB64-F926-46BA-BE55-7DD6566AF14F}.Release|Any CPU.Build.0 = Release|Any CPU
		{FE04B9EE-13A2-49CB-8F04-546FC8C1CADD}.Debug|Any CPU.ActiveCfg = Debug|Any CPU
		{FE04B9EE-13A2-49CB-8F04-546FC8C1CADD}.Debug|Any CPU.Build.0 = Debug|Any CPU
		{FE04B9EE-13A2-49CB-8F04-546FC8C1CADD}.Release|Any CPU.ActiveCfg = Release|Any CPU
		{FE04B9EE-13A2-49CB-8F04-546FC8C1CADD}.Release|Any CPU.Build.0 = Release|Any CPU
		{255EA340-9068-426D-A354-16FEDEB87712}.Debug|Any CPU.ActiveCfg = Debug|Any CPU
		{255EA340-9068-426D-A354-16FEDEB87712}.Debug|Any CPU.Build.0 = Debug|Any CPU
		{255EA340-9068-426D-A354-16FEDEB87712}.Release|Any CPU.ActiveCfg = Release|Any CPU
		{255EA340-9068-426D-A354-16FEDEB87712}.Release|Any CPU.Build.0 = Release|Any CPU
	EndGlobalSection
	GlobalSection(SolutionProperties) = preSolution
		HideSolutionNode = FALSE
	EndGlobalSection
	GlobalSection(ExtensibilityGlobals) = postSolution
		SolutionGuid = {192368E4-CB80-4370-94D6-A1333C2AB1A0}
	EndGlobalSection
EndGlobal
